github.com/go-virtio/blk v0.2.0 h1:ZR9nmR3POoFpM3wC9nM7umuGsBitzhW5bY2dsGgXgVQ=
github.com/go-virtio/blk v0.2.0/go.mod h1:sQZp/SiAcEHNtB4WUCYvS/FyPIm+NtOg80bJOaT74/Q=
github.com/go-virtio/common v0.1.4 h1:nVyHtInA3omUgv9MtLAR/0IXW0DKHSt/x0maEVs4+/s=
github.com/go-virtio/common v0.1.4/go.mod h1:tllXVerGT1TquYzy5o1K5UyAWSd1Ap/Z68f9zzJKrLQ=
github.com/go-virtio/console v0.1.0 h1:3rqoYX4TFThVtkKLejrrhM0ALL8AGTiG2sLGd/VQmNY=
github.com/go-virtio/console v0.1.0/go.mod h1:WenobkPeXSac/q7BPUl90QNMhPIKusetzM9OVHcCDMQ=
github.com/go-virtio/gpu v0.5.0 h1:oJmTIRF4Rg6/DBPsNWsRwh/YVVPOAybsp2VknMdhmGk=
github.com/go-virtio/gpu v0.5.0/go.mod h1:o0zwTq9WHWGQW0s3LA3kyt3yDT76g15PTxfCnj6gjTs=
github.com/go-virtio/net v0.1.1 h1:u5puVX8rQLcEF2WovE79wqxbAnGcT54Hohoiscm4M1Q=
github.com/go-virtio/net v0.1.1/go.mod h1:+z2dELojwkkmTHG136cGQ+TLK6DLjZdQJWjRKa+Jw98=
github.com/openweft/weft-cidata v0.2.0 h1:HLUlc1iXNfEl5c5h3qMwV9uvBzrk3fQRYT14s0OvQiQ=
github.com/openweft/weft-cidata v0.2.0/go.mod h1:rHxPRc5+2YPP4o4ZCc7qHVLkFtf8m5N0911XezOtbfE=
github.com/usbarmory/tamago v1.26.4 h1:laFvRANKgVYFHxLHjIlhqJCc3Xm+qMyab2SlUoNw6zY=
github.com/usbarmory/tamago v1.26.4/go.mod h1:HZkb+ZkzFl8aCxAuF7exsKX+XaNM0mYG9Iv7ooX1WDY=
