github.com/go-virtio/balloon v0.1.0 h1:q5JTO9C5eNqTFf8Kc/VjLrC9KndH6OG6azmakrcBiRs=
github.com/go-virtio/balloon v0.1.0/go.mod h1:luowxXbmBuwN5U1fnkQeaLaN2DDQD2W3UfaL8hcjFoI=
github.com/go-virtio/blk v0.2.0 h1:ZR9nmR3POoFpM3wC9nM7umuGsBitzhW5bY2dsGgXgVQ=
github.com/go-virtio/blk v0.2.0/go.mod h1:sQZp/SiAcEHNtB4WUCYvS/FyPIm+NtOg80bJOaT74/Q=
github.com/go-virtio/common v0.1.4 h1:nVyHtInA3omUgv9MtLAR/0IXW0DKHSt/x0maEVs4+/s=
github.com/go-virtio/common v0.1.4/go.mod h1:tllXVerGT1TquYzy5o1K5UyAWSd1Ap/Z68f9zzJKrLQ=
github.com/go-virtio/common v0.1.5 h1:xVpEifKG9Zv6AcSbr9uAwexh5W2aQKKe4HQKDmq144I=
github.com/go-virtio/common v0.1.5/go.mod h1:tllXVerGT1TquYzy5o1K5UyAWSd1Ap/Z68f9zzJKrLQ=
github.com/go-virtio/common v0.1.6 h1:kDJxwE1KDkWYsSNAUrFptBZvuzIgKB/FzlqG+mwkkgY=
github.com/go-virtio/common v0.1.6/go.mod h1:tllXVerGT1TquYzy5o1K5UyAWSd1Ap/Z68f9zzJKrLQ=
github.com/go-virtio/console v0.1.0 h1:3rqoYX4TFThVtkKLejrrhM0ALL8AGTiG2sLGd/VQmNY=
github.com/go-virtio/console v0.1.0/go.mod h1:WenobkPeXSac/q7BPUl90QNMhPIKusetzM9OVHcCDMQ=
github.com/go-virtio/fs v0.2.0 h1:kMUMFZDhxRhMsadgQWSNUz/l8VlTh1GldH6IScIc5aA=
github.com/go-virtio/fs v0.2.0/go.mod h1:PJfF8MeRjF/HTmxp2i7fyN6wPKETcwx9pkxdwU/e0IY=
github.com/go-virtio/fs v0.2.1 h1:EZ2QvNO5z2DRoxb9tYPuwANmMOtoecpOMKS9P6F3af8=
github.com/go-virtio/fs v0.2.1/go.mod h1:PJfF8MeRjF/HTmxp2i7fyN6wPKETcwx9pkxdwU/e0IY=
github.com/go-virtio/gpu v0.5.0 h1:oJmTIRF4Rg6/DBPsNWsRwh/YVVPOAybsp2VknMdhmGk=
github.com/go-virtio/gpu v0.5.0/go.mod h1:o0zwTq9WHWGQW0s3LA3kyt3yDT76g15PTxfCnj6gjTs=
github.com/go-virtio/net v0.1.1 h1:u5puVX8rQLcEF2WovE79wqxbAnGcT54Hohoiscm4M1Q=
github.com/go-virtio/net v0.1.1/go.mod h1:+z2dELojwkkmTHG136cGQ+TLK6DLjZdQJWjRKa+Jw98=
github.com/go-virtio/rng v0.1.1 h1:2oIfFbpbfKBDPZazJPUXZ8CN5Qu4nrt68ouSX/Jxvog=
github.com/go-virtio/rng v0.1.1/go.mod h1:y/BHTVAtdzLbQiTA1v2+1lEyJpMIBaZyT7+Y/Ugl0Io=
github.com/go-virtio/vsock v0.1.1 h1:wPfmjEPhRjtAPJcrjvk3PQ2mW4PQ+Y+X9ehDA0HuflI=
github.com/go-virtio/vsock v0.1.1/go.mod h1:3yv/oHvJwz0hzqEHWH0IPxnlCxOq5B8FZwmFYedESb4=
github.com/openweft/weft-cidata v0.2.0 h1:HLUlc1iXNfEl5c5h3qMwV9uvBzrk3fQRYT14s0OvQiQ=
github.com/openweft/weft-cidata v0.2.0/go.mod h1:rHxPRc5+2YPP4o4ZCc7qHVLkFtf8m5N0911XezOtbfE=
github.com/usbarmory/tamago v1.26.4 h1:laFvRANKgVYFHxLHjIlhqJCc3Xm+qMyab2SlUoNw6zY=
github.com/usbarmory/tamago v1.26.4/go.mod h1:HZkb+ZkzFl8aCxAuF7exsKX+XaNM0mYG9Iv7ooX1WDY=
